
Microsoft Visual Studio Solution File, Format Version 12.00
# Visual Studio 15
Project("{FAE04EC0-301F-11D3-BF4B-00C04F79EFBC}") = "Assembly-CSharp", "Assembly-CSharp.csproj", "{98E7DCE7-2C5C-99C9-BF39-589351E21B42}"
EndProject
Project("{FAE04EC0-301F-11D3-BF4B-00C04F79EFBC}") = "Assembly-CSharp-Editor", "Assembly-CSharp-Editor.csproj", "{15AD27FD-248F-9854-9E52-84ED71DCC03C}"
EndProject
Global
	GlobalSection(SolutionConfigurationPlatforms) = preSolution
		Debug|Any CPU = Debug|Any CPU
		Release|Any CPU = Release|Any CPU
	EndGlobalSection
	GlobalSection(ProjectConfigurationPlatforms) = postSolution
		{98E7DCE7-2C5C-99C9-BF39-589351E21B42}.Debug|Any CPU.ActiveCfg = Debug|Any CPU
		{98E7DCE7-2C5C-99C9-BF39-589351E21B42}.Debug|Any CPU.Build.0 = Debug|Any CPU
		{98E7DCE7-2C5C-99C9-BF39-589351E21B42}.Release|Any CPU.ActiveCfg = Release|Any CPU
		{98E7DCE7-2C5C-99C9-BF39-589351E21B42}.Release|Any CPU.Build.0 = Release|Any CPU
		{15AD27FD-248F-9854-9E52-84ED71DCC03C}.Debug|Any CPU.ActiveCfg = Debug|Any CPU
		{15AD27FD-248F-9854-9E52-84ED71DCC03C}.Debug|Any CPU.Build.0 = Debug|Any CPU
		{15AD27FD-248F-9854-9E52-84ED71DCC03C}.Release|Any CPU.ActiveCfg = Release|Any CPU
		{15AD27FD-248F-9854-9E52-84ED71DCC03C}.Release|Any CPU.Build.0 = Release|Any CPU
	EndGlobalSection
	GlobalSection(SolutionProperties) = preSolution
		HideSolutionNode = FALSE
	EndGlobalSection
EndGlobal
